
Microsoft Visual Studio Solution File, Format Version 12.00
# Visual Studio Version 17
VisualStudioVersion = 17.7.34221.43
MinimumVisualStudioVersion = 10.0.40219.1
Project("{FAE04EC0-301F-11D3-BF4B-00C04F79EFBC}") = "Clicker", "Clicker.csproj", "{B66FB383-10CA-4856-9ED8-7338C95A9AF4}"
EndProject
Global
	GlobalSection(SolutionConfigurationPlatforms) = preSolution
		Debug|Any CPU = Debug|Any CPU
		Release|Any CPU = Release|Any CPU
	EndGlobalSection
	GlobalSection(ProjectConfigurationPlatforms) = postSolution
		{B66FB383-10CA-4856-9ED8-7338C95A9AF4}.Debug|Any CPU.ActiveCfg = Debug|Any CPU
		{B66FB383-10CA-4856-9ED8-7338C95A9AF4}.Debug|Any CPU.Build.0 = Debug|Any CPU
		{B66FB383-10CA-4856-9ED8-7338C95A9AF4}.Release|Any CPU.ActiveCfg = Release|Any CPU
		{B66FB383-10CA-4856-9ED8-7338C95A9AF4}.Release|Any CPU.Build.0 = Release|Any CPU
	EndGlobalSection
	GlobalSection(SolutionProperties) = preSolution
		HideSolutionNode = FALSE
	EndGlobalSection
	GlobalSection(ExtensibilityGlobals) = postSolution
		SolutionGuid = {0228AA74-0352-406F-A743-9CA644E4852B}
	EndGlobalSection
EndGlobal
